
Microsoft Visual Studio Solution File, Format Version 12.00
# Visual Studio Version 16
VisualStudioVersion = 16.0.31321.278
MinimumVisualStudioVersion = 10.0.40219.1
Project("{FAE04EC0-301F-11D3-BF4B-00C04F79EFBC}") = "301128209alvarado_Lab1", "301128209alvarado_Lab1\301128209alvarado_Lab1.csproj", "{99801142-8669-4473-821B-CFB3DFD949F5}"
EndProject
Global
	GlobalSection(SolutionConfigurationPlatforms) = preSolution
		Debug|Any CPU = Debug|Any CPU
		Release|Any CPU = Release|Any CPU
	EndGlobalSection
	GlobalSection(ProjectConfigurationPlatforms) = postSolution
		{99801142-8669-4473-821B-CFB3DFD949F5}.Debug|Any CPU.ActiveCfg = Debug|Any CPU
		{99801142-8669-4473-821B-CFB3DFD949F5}.Debug|Any CPU.Build.0 = Debug|Any CPU
		{99801142-8669-4473-821B-CFB3DFD949F5}.Release|Any CPU.ActiveCfg = Release|Any CPU
		{99801142-8669-4473-821B-CFB3DFD949F5}.Release|Any CPU.Build.0 = Release|Any CPU
	EndGlobalSection
	GlobalSection(SolutionProperties) = preSolution
		HideSolutionNode = FALSE
	EndGlobalSection
	GlobalSection(ExtensibilityGlobals) = postSolution
		SolutionGuid = {8D3981C2-4A27-489C-BB01-68BF7648CB73}
	EndGlobalSection
EndGlobal
